<Solution>
    <Folder Name="/Solution Items/">
        <File Path=".editorconfig"/>
        <File Path="CODE_OF_CONDUCT.md"/>
        <File Path="CONTRIBUTING.md"/>
        <File Path="README.md"/>
    </Folder>
    <Folder Name="/Solution Items/Workflows/">
        <File Path=".github/workflows/cicd.yml"/>
        <File Path=".github/workflows/codeql-analysis.yml"/>
        <File Path=".github/workflows/test-report.yml"/>
    </Folder>
    <Folder Name="/src/">
        <Project Path="src/Testcontainers.ActiveMq/Testcontainers.ActiveMq.csproj"/>
        <Project Path="src/Testcontainers.ArangoDb/Testcontainers.ArangoDb.csproj"/>
        <Project Path="src/Testcontainers.Azurite/Testcontainers.Azurite.csproj"/>
        <Project Path="src/Testcontainers.BigQuery/Testcontainers.BigQuery.csproj"/>
        <Project Path="src/Testcontainers.Bigtable/Testcontainers.Bigtable.csproj"/>
        <Project Path="src/Testcontainers.Cassandra/Testcontainers.Cassandra.csproj"/>
        <Project Path="src/Testcontainers.ClickHouse/Testcontainers.ClickHouse.csproj"/>
        <Project Path="src/Testcontainers.CockroachDb/Testcontainers.CockroachDb.csproj"/>
        <Project Path="src/Testcontainers.Consul/Testcontainers.Consul.csproj"/>
        <Project Path="src/Testcontainers.CosmosDb/Testcontainers.CosmosDb.csproj"/>
        <Project Path="src/Testcontainers.Couchbase/Testcontainers.Couchbase.csproj"/>
        <Project Path="src/Testcontainers.CouchDb/Testcontainers.CouchDb.csproj"/>
        <Project Path="src/Testcontainers.Db2/Testcontainers.Db2.csproj"/>
        <Project Path="src/Testcontainers.DynamoDb/Testcontainers.DynamoDb.csproj"/>
        <Project Path="src/Testcontainers.Elasticsearch/Testcontainers.Elasticsearch.csproj"/>
        <Project Path="src/Testcontainers.EventHubs/Testcontainers.EventHubs.csproj"/>
        <Project Path="src/Testcontainers.EventStoreDb/Testcontainers.EventStoreDb.csproj"/>
        <Project Path="src/Testcontainers.FakeGcsServer/Testcontainers.FakeGcsServer.csproj"/>
        <Project Path="src/Testcontainers.FirebirdSql/Testcontainers.FirebirdSql.csproj"/>
        <Project Path="src/Testcontainers.Firestore/Testcontainers.Firestore.csproj"/>
        <Project Path="src/Testcontainers.GCloud/Testcontainers.GCloud.csproj"/>
        <Project Path="src/Testcontainers.Grafana/Testcontainers.Grafana.csproj"/>
        <Project Path="src/Testcontainers.InfluxDb/Testcontainers.InfluxDb.csproj"/>
        <Project Path="src/Testcontainers.JanusGraph/Testcontainers.JanusGraph.csproj"/>
        <Project Path="src/Testcontainers.K3s/Testcontainers.K3s.csproj"/>
        <Project Path="src/Testcontainers.Kafka/Testcontainers.Kafka.csproj"/>
        <Project Path="src/Testcontainers.Keycloak/Testcontainers.Keycloak.csproj"/>
        <Project Path="src/Testcontainers.KurrentDb/Testcontainers.KurrentDb.csproj"/>
        <Project Path="src/Testcontainers.Kusto/Testcontainers.Kusto.csproj"/>
        <Project Path="src/Testcontainers.LocalStack/Testcontainers.LocalStack.csproj"/>
        <Project Path="src/Testcontainers.LowkeyVault/Testcontainers.LowkeyVault.csproj"/>
        <Project Path="src/Testcontainers.MariaDb/Testcontainers.MariaDb.csproj"/>
        <Project Path="src/Testcontainers.Milvus/Testcontainers.Milvus.csproj"/>
        <Project Path="src/Testcontainers.Minio/Testcontainers.Minio.csproj"/>
        <Project Path="src/Testcontainers.MongoDb/Testcontainers.MongoDb.csproj"/>
        <Project Path="src/Testcontainers.Mosquitto/Testcontainers.Mosquitto.csproj"/>
        <Project Path="src/Testcontainers.MsSql/Testcontainers.MsSql.csproj"/>
        <Project Path="src/Testcontainers.MySql/Testcontainers.MySql.csproj"/>
        <Project Path="src/Testcontainers.Nats/Testcontainers.Nats.csproj"/>
        <Project Path="src/Testcontainers.Neo4j/Testcontainers.Neo4j.csproj"/>
        <Project Path="src/Testcontainers.Ollama/Testcontainers.Ollama.csproj"/>
        <Project Path="src/Testcontainers.OpenSearch/Testcontainers.OpenSearch.csproj"/>
        <Project Path="src/Testcontainers.Oracle/Testcontainers.Oracle.csproj"/>
        <Project Path="src/Testcontainers.Papercut/Testcontainers.Papercut.csproj"/>
        <Project Path="src/Testcontainers.Playwright/Testcontainers.Playwright.csproj"/>
        <Project Path="src/Testcontainers.PostgreSql/Testcontainers.PostgreSql.csproj"/>
        <Project Path="src/Testcontainers.PubSub/Testcontainers.PubSub.csproj"/>
        <Project Path="src/Testcontainers.Pulsar/Testcontainers.Pulsar.csproj"/>
        <Project Path="src/Testcontainers.Qdrant/Testcontainers.Qdrant.csproj"/>
        <Project Path="src/Testcontainers.RabbitMq/Testcontainers.RabbitMq.csproj"/>
        <Project Path="src/Testcontainers.RavenDb/Testcontainers.RavenDb.csproj"/>
        <Project Path="src/Testcontainers.Redis/Testcontainers.Redis.csproj"/>
        <Project Path="src/Testcontainers.Redpanda/Testcontainers.Redpanda.csproj"/>
        <Project Path="src/Testcontainers.ServiceBus/Testcontainers.ServiceBus.csproj"/>
        <Project Path="src/Testcontainers.Sftp/Testcontainers.Sftp.csproj"/>
        <Project Path="src/Testcontainers.Toxiproxy/Testcontainers.Toxiproxy.csproj"/>
        <Project Path="src/Testcontainers.Typesense/Testcontainers.Typesense.csproj"/>
        <Project Path="src/Testcontainers.Weaviate/Testcontainers.Weaviate.csproj"/>
        <Project Path="src/Testcontainers.WebDriver/Testcontainers.WebDriver.csproj"/>
        <Project Path="src/Testcontainers.Xunit/Testcontainers.Xunit.csproj"/>
        <Project Path="src/Testcontainers.XunitV3/Testcontainers.XunitV3.csproj"/>
        <Project Path="src/Testcontainers/Testcontainers.csproj"/>
    </Folder>
    <Folder Name="/tests/">
        <Project Path="tests/Testcontainers.ActiveMq.Tests/Testcontainers.ActiveMq.Tests.csproj"/>
        <Project Path="tests/Testcontainers.ArangoDb.Tests/Testcontainers.ArangoDb.Tests.csproj"/>
        <Project Path="tests/Testcontainers.Azurite.Tests/Testcontainers.Azurite.Tests.csproj"/>
        <Project Path="tests/Testcontainers.BigQuery.Tests/Testcontainers.BigQuery.Tests.csproj"/>
        <Project Path="tests/Testcontainers.Bigtable.Tests/Testcontainers.Bigtable.Tests.csproj"/>
        <Project Path="tests/Testcontainers.Cassandra.Tests/Testcontainers.Cassandra.Tests.csproj"/>
        <Project Path="tests/Testcontainers.ClickHouse.Tests/Testcontainers.ClickHouse.Tests.csproj"/>
        <Project Path="tests/Testcontainers.CockroachDb.Tests/Testcontainers.CockroachDb.Tests.csproj"/>
        <Project Path="tests/Testcontainers.Commons/Testcontainers.Commons.csproj"/>
        <Project Path="tests/Testcontainers.Consul.Tests/Testcontainers.Consul.Tests.csproj"/>
        <Project Path="tests/Testcontainers.CosmosDb.Tests/Testcontainers.CosmosDb.Tests.csproj"/>
        <Project Path="tests/Testcontainers.Couchbase.Tests/Testcontainers.Couchbase.Tests.csproj"/>
        <Project Path="tests/Testcontainers.CouchDb.Tests/Testcontainers.CouchDb.Tests.csproj"/>
        <Project Path="tests/Testcontainers.Databases.Tests/Testcontainers.Databases.Tests.csproj"/>
        <Project Path="tests/Testcontainers.Db2.Tests/Testcontainers.Db2.Tests.csproj"/>
        <Project Path="tests/Testcontainers.DynamoDb.Tests/Testcontainers.DynamoDb.Tests.csproj"/>
        <Project Path="tests/Testcontainers.Elasticsearch.Tests/Testcontainers.Elasticsearch.Tests.csproj"/>
        <Project Path="tests/Testcontainers.EventHubs.Tests/Testcontainers.EventHubs.Tests.csproj"/>
        <Project Path="tests/Testcontainers.EventStoreDb.Tests/Testcontainers.EventStoreDb.Tests.csproj"/>
        <Project Path="tests/Testcontainers.FakeGcsServer.Tests/Testcontainers.FakeGcsServer.Tests.csproj"/>
        <Project Path="tests/Testcontainers.FirebirdSql.Tests/Testcontainers.FirebirdSql.Tests.csproj"/>
        <Project Path="tests/Testcontainers.Firestore.Tests/Testcontainers.Firestore.Tests.csproj"/>
        <Project Path="tests/Testcontainers.Grafana.Tests/Testcontainers.Grafana.Tests.csproj"/>
        <Project Path="tests/Testcontainers.InfluxDb.Tests/Testcontainers.InfluxDb.Tests.csproj"/>
        <Project Path="tests/Testcontainers.JanusGraph.Tests/Testcontainers.JanusGraph.Tests.csproj"/>
        <Project Path="tests/Testcontainers.K3s.Tests/Testcontainers.K3s.Tests.csproj"/>
        <Project Path="tests/Testcontainers.Kafka.Tests/Testcontainers.Kafka.Tests.csproj"/>
        <Project Path="tests/Testcontainers.Keycloak.Tests/Testcontainers.Keycloak.Tests.csproj"/>
        <Project Path="tests/Testcontainers.KurrentDb.Tests/Testcontainers.KurrentDb.Tests.csproj"/>
        <Project Path="tests/Testcontainers.Kusto.Tests/Testcontainers.Kusto.Tests.csproj"/>
        <Project Path="tests/Testcontainers.LocalStack.Tests/Testcontainers.LocalStack.Tests.csproj"/>
        <Project Path="tests/Testcontainers.LowkeyVault.Tests/Testcontainers.LowkeyVault.Tests.csproj"/>
        <Project Path="tests/Testcontainers.MariaDb.Tests/Testcontainers.MariaDb.Tests.csproj"/>
        <Project Path="tests/Testcontainers.Milvus.Tests/Testcontainers.Milvus.Tests.csproj"/>
        <Project Path="tests/Testcontainers.Minio.Tests/Testcontainers.Minio.Tests.csproj"/>
        <Project Path="tests/Testcontainers.MongoDb.Tests/Testcontainers.MongoDb.Tests.csproj"/>
        <Project Path="tests/Testcontainers.Mosquitto.Tests/Testcontainers.Mosquitto.Tests.csproj"/>
        <Project Path="tests/Testcontainers.MsSql.Tests/Testcontainers.MsSql.Tests.csproj"/>
        <Project Path="tests/Testcontainers.MySql.Tests/Testcontainers.MySql.Tests.csproj"/>
        <Project Path="tests/Testcontainers.Nats.Tests/Testcontainers.Nats.Tests.csproj"/>
        <Project Path="tests/Testcontainers.Neo4j.Tests/Testcontainers.Neo4j.Tests.csproj"/>
        <Project Path="tests/Testcontainers.Ollama.Tests/Testcontainers.Ollama.Tests.csproj"/>
        <Project Path="tests/Testcontainers.OpenSearch.Tests/Testcontainers.OpenSearch.Tests.csproj"/>
        <Project Path="tests/Testcontainers.Oracle.Tests/Testcontainers.Oracle.Tests.csproj"/>
        <Project Path="tests/Testcontainers.Oracle11.Tests/Testcontainers.Oracle11.Tests.csproj"/>
        <Project Path="tests/Testcontainers.Oracle18.Tests/Testcontainers.Oracle18.Tests.csproj"/>
        <Project Path="tests/Testcontainers.Oracle21.Tests/Testcontainers.Oracle21.Tests.csproj"/>
        <Project Path="tests/Testcontainers.Oracle23.Tests/Testcontainers.Oracle23.Tests.csproj"/>
        <Project Path="tests/Testcontainers.Papercut.Tests/Testcontainers.Papercut.Tests.csproj"/>
        <Project Path="tests/Testcontainers.Platform.Linux.Tests/Testcontainers.Platform.Linux.Tests.csproj"/>
        <Project Path="tests/Testcontainers.Platform.Windows.Tests/Testcontainers.Platform.Windows.Tests.csproj"/>
        <Project Path="tests/Testcontainers.Playwright.Tests/Testcontainers.Playwright.Tests.csproj"/>
        <Project Path="tests/Testcontainers.PostgreSql.Tests/Testcontainers.PostgreSql.Tests.csproj"/>
        <Project Path="tests/Testcontainers.PubSub.Tests/Testcontainers.PubSub.Tests.csproj"/>
        <Project Path="tests/Testcontainers.Pulsar.Tests/Testcontainers.Pulsar.Tests.csproj"/>
        <Project Path="tests/Testcontainers.Qdrant.Tests/Testcontainers.Qdrant.Tests.csproj"/>
        <Project Path="tests/Testcontainers.RabbitMq.Tests/Testcontainers.RabbitMq.Tests.csproj"/>
        <Project Path="tests/Testcontainers.RavenDb.Tests/Testcontainers.RavenDb.Tests.csproj"/>
        <Project Path="tests/Testcontainers.Redis.Tests/Testcontainers.Redis.Tests.csproj"/>
        <Project Path="tests/Testcontainers.Redpanda.Tests/Testcontainers.Redpanda.Tests.csproj"/>
        <Project Path="tests/Testcontainers.ResourceReaper.Tests/Testcontainers.ResourceReaper.Tests.csproj"/>
        <Project Path="tests/Testcontainers.ServiceBus.Tests/Testcontainers.ServiceBus.Tests.csproj"/>
        <Project Path="tests/Testcontainers.Sftp.Tests/Testcontainers.Sftp.Tests.csproj"/>
        <Project Path="tests/Testcontainers.Tests/Testcontainers.Tests.csproj"/>
        <Project Path="tests/Testcontainers.Toxiproxy.Tests/Testcontainers.Toxiproxy.Tests.csproj"/>
        <Project Path="tests/Testcontainers.Typesense.Tests/Testcontainers.Typesense.Tests.csproj"/>
        <Project Path="tests/Testcontainers.Weaviate.Tests/Testcontainers.Weaviate.Tests.csproj"/>
        <Project Path="tests/Testcontainers.WebDriver.Tests/Testcontainers.WebDriver.Tests.csproj"/>
        <Project Path="tests/Testcontainers.Xunit.Tests/Testcontainers.Xunit.Tests.csproj"/>
        <Project Path="tests/Testcontainers.XunitV3.Tests/Testcontainers.XunitV3.Tests.csproj"/>
    </Folder>
</Solution>
