Microsoft Visual Studio Solution File, Format Version 12.00
# Visual Studio Version 17
VisualStudioVersion = 17.0.31903.59
MinimumVisualStudioVersion = 10.0.40219.1
Project("{2150E333-8FDC-42A3-9474-1A3956D46DE8}") = "Solution Items", "Solution Items", "{AF017206-CE20-4DDF-8301-CAC68CED1BE6}"
	ProjectSection(SolutionItems) = preProject
		CODE_OF_CONDUCT.md = CODE_OF_CONDUCT.md
		CONTRIBUTING.md = CONTRIBUTING.md
		README.md = README.md
	EndProjectSection
EndProject
Project("{2150E333-8FDC-42A3-9474-1A3956D46DE8}") = "src", "src", "{673F23AE-7694-4BB9-ABD4-136D6C13634E}"
EndProject
Project("{2150E333-8FDC-42A3-9474-1A3956D46DE8}") = "tests", "tests", "{7164F1FB-7F24-444A-ACD2-2C329C2B3CCF}"
EndProject
Project("{FAE04EC0-301F-11D3-BF4B-00C04F79EFBC}") = "Testcontainers.CouchDb", "src\Testcontainers.CouchDb\Testcontainers.CouchDb.csproj", "{DCECB1F6-D9AA-431F-AE42-25D56B9E7DFC}"
EndProject
Project("{FAE04EC0-301F-11D3-BF4B-00C04F79EFBC}") = "Testcontainers.DynamoDb", "src\Testcontainers.DynamoDb\Testcontainers.DynamoDb.csproj", "{2EAFA567-9F68-4C52-9DBC-8F3EC11BB2CE}"
EndProject
Project("{FAE04EC0-301F-11D3-BF4B-00C04F79EFBC}") = "Testcontainers.MariaDb", "src\Testcontainers.MariaDb\Testcontainers.MariaDb.csproj", "{4B204EB3-C478-422E-9B6F-62DF3871291A}"
EndProject
Project("{FAE04EC0-301F-11D3-BF4B-00C04F79EFBC}") = "Testcontainers.Minio", "src\Testcontainers.Minio\Testcontainers.Minio.csproj", "{1266E1E6-5CEF-4161-8B45-83282455746E}"
EndProject
Project("{FAE04EC0-301F-11D3-BF4B-00C04F79EFBC}") = "Testcontainers.MongoDb", "src\Testcontainers.MongoDb\Testcontainers.MongoDb.csproj", "{2613F146-6C66-4059-9D37-D48BA6B61515}"
EndProject
Project("{FAE04EC0-301F-11D3-BF4B-00C04F79EFBC}") = "Testcontainers.MsSql", "src\Testcontainers.MsSql\Testcontainers.MsSql.csproj", "{121FB123-40D9-44D4-9AB7-AD57ED34F466}"
EndProject
Project("{FAE04EC0-301F-11D3-BF4B-00C04F79EFBC}") = "Testcontainers.MySql", "src\Testcontainers.MySql\Testcontainers.MySql.csproj", "{9FDCFAEA-AE42-4C69-89EF-F1FF75E88CCC}"
EndProject
Project("{FAE04EC0-301F-11D3-BF4B-00C04F79EFBC}") = "Testcontainers.Oracle", "src\Testcontainers.Oracle\Testcontainers.Oracle.csproj", "{596EAFC1-0496-495C-B382-D57415FA456A}"
EndProject
Project("{FAE04EC0-301F-11D3-BF4B-00C04F79EFBC}") = "Testcontainers.PostgreSql", "src\Testcontainers.PostgreSql\Testcontainers.PostgreSql.csproj", "{8AB91636-9055-4900-A72A-7CFFACDFDBF0}"
EndProject
Project("{FAE04EC0-301F-11D3-BF4B-00C04F79EFBC}") = "Testcontainers.RavenDb", "src\Testcontainers.RavenDb\Testcontainers.RavenDb.csproj", "{F6394475-D6F1-46E2-81BF-4BA78A40B878}"
EndProject
Project("{FAE04EC0-301F-11D3-BF4B-00C04F79EFBC}") = "Testcontainers.Redis", "src\Testcontainers.Redis\Testcontainers.Redis.csproj", "{BFDA179A-40EB-4CEB-B8E9-0DF32C65E2C5}"
EndProject
Project("{FAE04EC0-301F-11D3-BF4B-00C04F79EFBC}") = "Testcontainers", "src\Testcontainers\Testcontainers.csproj", "{EC76857B-A3B8-4B7A-A1B0-8D867A4D1733}"
EndProject
Project("{FAE04EC0-301F-11D3-BF4B-00C04F79EFBC}") = "Testcontainers.Commons", "tests\Testcontainers.Commons\Testcontainers.Commons.csproj", "{2478673C-B063-469D-ABD1-0C3E0A25541B}"
EndProject
Project("{FAE04EC0-301F-11D3-BF4B-00C04F79EFBC}") = "Testcontainers.CouchDb.Tests", "tests\Testcontainers.CouchDb.Tests\Testcontainers.CouchDb.Tests.csproj", "{E4520FB1-4466-4DCA-AD08-4075102C68D3}"
EndProject
Project("{FAE04EC0-301F-11D3-BF4B-00C04F79EFBC}") = "Testcontainers.DynamoDb.Tests", "tests\Testcontainers.DynamoDb.Tests\Testcontainers.DynamoDb.Tests.csproj", "{101515E6-74C1-40F9-85C8-871F742A378D}"
EndProject
Project("{FAE04EC0-301F-11D3-BF4B-00C04F79EFBC}") = "Testcontainers.MariaDb.Tests", "tests\Testcontainers.MariaDb.Tests\Testcontainers.MariaDb.Tests.csproj", "{7F0AE083-9DB8-4BD4-91F7-C199DCC7301D}"
EndProject
Project("{FAE04EC0-301F-11D3-BF4B-00C04F79EFBC}") = "Testcontainers.Minio.Tests", "tests\Testcontainers.Minio.Tests\Testcontainers.Minio.Tests.csproj", "{5DB1F35F-B714-4B62-84BE-16A33084D3E1}"
EndProject
Project("{FAE04EC0-301F-11D3-BF4B-00C04F79EFBC}") = "Testcontainers.MongoDb.Tests", "tests\Testcontainers.MongoDb.Tests\Testcontainers.MongoDb.Tests.csproj", "{82A7E7B8-3187-4CAE-845B-0BF43409B38A}"
EndProject
Project("{FAE04EC0-301F-11D3-BF4B-00C04F79EFBC}") = "Testcontainers.MsSql.Tests", "tests\Testcontainers.MsSql.Tests\Testcontainers.MsSql.Tests.csproj", "{25DBED78-99F4-433F-BBF5-1B4E9DEAE437}"
EndProject
Project("{FAE04EC0-301F-11D3-BF4B-00C04F79EFBC}") = "Testcontainers.MySql.Tests", "tests\Testcontainers.MySql.Tests\Testcontainers.MySql.Tests.csproj", "{E42DA1CE-698F-4E45-8D1F-5D5895893840}"
EndProject
Project("{FAE04EC0-301F-11D3-BF4B-00C04F79EFBC}") = "Testcontainers.Oracle.Tests", "tests\Testcontainers.Oracle.Tests\Testcontainers.Oracle.Tests.csproj", "{4AC1088B-9965-4497-AC8E-570F1AD5631F}"
EndProject
Project("{FAE04EC0-301F-11D3-BF4B-00C04F79EFBC}") = "Testcontainers.Platform.Linux.Tests", "tests\Testcontainers.Platform.Linux.Tests\Testcontainers.Platform.Linux.Tests.csproj", "{DA1D7ADE-452C-4369-83CC-56289176EACD}"
EndProject
Project("{FAE04EC0-301F-11D3-BF4B-00C04F79EFBC}") = "Testcontainers.Platform.Windows.Tests", "tests\Testcontainers.Platform.Windows.Tests\Testcontainers.Platform.Windows.Tests.csproj", "{3E55CBE8-AFE8-426D-9470-49D63CD1051C}"
EndProject
Project("{FAE04EC0-301F-11D3-BF4B-00C04F79EFBC}") = "Testcontainers.PostgreSql.Tests", "tests\Testcontainers.PostgreSql.Tests\Testcontainers.PostgreSql.Tests.csproj", "{56D0DCA5-567F-4B3B-8B79-CB108F8EB8A6}"
EndProject
Project("{FAE04EC0-301F-11D3-BF4B-00C04F79EFBC}") = "Testcontainers.RavenDb.Tests", "tests\Testcontainers.RavenDb.Tests\Testcontainers.RavenDb.Tests.csproj", "{D53726B6-5447-47E6-B881-A44EFF6E5534}"
EndProject
Project("{FAE04EC0-301F-11D3-BF4B-00C04F79EFBC}") = "Testcontainers.Redis.Tests", "tests\Testcontainers.Redis.Tests\Testcontainers.Redis.Tests.csproj", "{31EE94A0-E721-4073-B6F1-DD912D004DEF}"
EndProject
Project("{FAE04EC0-301F-11D3-BF4B-00C04F79EFBC}") = "Testcontainers.ResourceReaper.Tests", "tests\Testcontainers.ResourceReaper.Tests\Testcontainers.ResourceReaper.Tests.csproj", "{9E8E6AA5-65D1-498F-BEAB-BA34723A0050}"
EndProject
Project("{FAE04EC0-301F-11D3-BF4B-00C04F79EFBC}") = "Testcontainers.Tests", "tests\Testcontainers.Tests\Testcontainers.Tests.csproj", "{27CDB869-A150-4593-958F-6F26E5391E7C}"
EndProject
Project("{FAE04EC0-301F-11D3-BF4B-00C04F79EFBC}") = "Testcontainers.WebDriver", "src\Testcontainers.WebDriver\Testcontainers.WebDriver.csproj", "{64A87DE5-29B0-4A54-9E74-560484D8C7C0}"
EndProject
Project("{FAE04EC0-301F-11D3-BF4B-00C04F79EFBC}") = "Testcontainers.WebDriver.Tests", "tests\Testcontainers.WebDriver.Tests\Testcontainers.WebDriver.Tests.csproj", "{EBA72C3B-57D5-43FF-A5B4-3D55B3B6D4C2}"
EndProject
Global
	GlobalSection(SolutionConfigurationPlatforms) = preSolution
		Debug|Any CPU = Debug|Any CPU
		Release|Any CPU = Release|Any CPU
	EndGlobalSection
	GlobalSection(SolutionProperties) = preSolution
		HideSolutionNode = FALSE
	EndGlobalSection
	GlobalSection(ProjectConfigurationPlatforms) = postSolution
		{DCECB1F6-D9AA-431F-AE42-25D56B9E7DFC}.Debug|Any CPU.ActiveCfg = Debug|Any CPU
		{DCECB1F6-D9AA-431F-AE42-25D56B9E7DFC}.Debug|Any CPU.Build.0 = Debug|Any CPU
		{DCECB1F6-D9AA-431F-AE42-25D56B9E7DFC}.Release|Any CPU.ActiveCfg = Release|Any CPU
		{DCECB1F6-D9AA-431F-AE42-25D56B9E7DFC}.Release|Any CPU.Build.0 = Release|Any CPU
		{2EAFA567-9F68-4C52-9DBC-8F3EC11BB2CE}.Debug|Any CPU.ActiveCfg = Debug|Any CPU
		{2EAFA567-9F68-4C52-9DBC-8F3EC11BB2CE}.Debug|Any CPU.Build.0 = Debug|Any CPU
		{2EAFA567-9F68-4C52-9DBC-8F3EC11BB2CE}.Release|Any CPU.ActiveCfg = Release|Any CPU
		{2EAFA567-9F68-4C52-9DBC-8F3EC11BB2CE}.Release|Any CPU.Build.0 = Release|Any CPU
		{4B204EB3-C478-422E-9B6F-62DF3871291A}.Debug|Any CPU.ActiveCfg = Debug|Any CPU
		{4B204EB3-C478-422E-9B6F-62DF3871291A}.Debug|Any CPU.Build.0 = Debug|Any CPU
		{4B204EB3-C478-422E-9B6F-62DF3871291A}.Release|Any CPU.ActiveCfg = Release|Any CPU
		{4B204EB3-C478-422E-9B6F-62DF3871291A}.Release|Any CPU.Build.0 = Release|Any CPU
		{1266E1E6-5CEF-4161-8B45-83282455746E}.Debug|Any CPU.ActiveCfg = Debug|Any CPU
		{1266E1E6-5CEF-4161-8B45-83282455746E}.Debug|Any CPU.Build.0 = Debug|Any CPU
		{1266E1E6-5CEF-4161-8B45-83282455746E}.Release|Any CPU.ActiveCfg = Release|Any CPU
		{1266E1E6-5CEF-4161-8B45-83282455746E}.Release|Any CPU.Build.0 = Release|Any CPU
		{2613F146-6C66-4059-9D37-D48BA6B61515}.Debug|Any CPU.ActiveCfg = Debug|Any CPU
		{2613F146-6C66-4059-9D37-D48BA6B61515}.Debug|Any CPU.Build.0 = Debug|Any CPU
		{2613F146-6C66-4059-9D37-D48BA6B61515}.Release|Any CPU.ActiveCfg = Release|Any CPU
		{2613F146-6C66-4059-9D37-D48BA6B61515}.Release|Any CPU.Build.0 = Release|Any CPU
		{121FB123-40D9-44D4-9AB7-AD57ED34F466}.Debug|Any CPU.ActiveCfg = Debug|Any CPU
		{121FB123-40D9-44D4-9AB7-AD57ED34F466}.Debug|Any CPU.Build.0 = Debug|Any CPU
		{121FB123-40D9-44D4-9AB7-AD57ED34F466}.Release|Any CPU.ActiveCfg = Release|Any CPU
		{121FB123-40D9-44D4-9AB7-AD57ED34F466}.Release|Any CPU.Build.0 = Release|Any CPU
		{9FDCFAEA-AE42-4C69-89EF-F1FF75E88CCC}.Debug|Any CPU.ActiveCfg = Debug|Any CPU
		{9FDCFAEA-AE42-4C69-89EF-F1FF75E88CCC}.Debug|Any CPU.Build.0 = Debug|Any CPU
		{9FDCFAEA-AE42-4C69-89EF-F1FF75E88CCC}.Release|Any CPU.ActiveCfg = Release|Any CPU
		{9FDCFAEA-AE42-4C69-89EF-F1FF75E88CCC}.Release|Any CPU.Build.0 = Release|Any CPU
		{596EAFC1-0496-495C-B382-D57415FA456A}.Debug|Any CPU.ActiveCfg = Debug|Any CPU
		{596EAFC1-0496-495C-B382-D57415FA456A}.Debug|Any CPU.Build.0 = Debug|Any CPU
		{596EAFC1-0496-495C-B382-D57415FA456A}.Release|Any CPU.ActiveCfg = Release|Any CPU
		{596EAFC1-0496-495C-B382-D57415FA456A}.Release|Any CPU.Build.0 = Release|Any CPU
		{8AB91636-9055-4900-A72A-7CFFACDFDBF0}.Debug|Any CPU.ActiveCfg = Debug|Any CPU
		{8AB91636-9055-4900-A72A-7CFFACDFDBF0}.Debug|Any CPU.Build.0 = Debug|Any CPU
		{8AB91636-9055-4900-A72A-7CFFACDFDBF0}.Release|Any CPU.ActiveCfg = Release|Any CPU
		{8AB91636-9055-4900-A72A-7CFFACDFDBF0}.Release|Any CPU.Build.0 = Release|Any CPU
		{F6394475-D6F1-46E2-81BF-4BA78A40B878}.Debug|Any CPU.ActiveCfg = Debug|Any CPU
		{F6394475-D6F1-46E2-81BF-4BA78A40B878}.Debug|Any CPU.Build.0 = Debug|Any CPU
		{F6394475-D6F1-46E2-81BF-4BA78A40B878}.Release|Any CPU.ActiveCfg = Release|Any CPU
		{F6394475-D6F1-46E2-81BF-4BA78A40B878}.Release|Any CPU.Build.0 = Release|Any CPU
		{BFDA179A-40EB-4CEB-B8E9-0DF32C65E2C5}.Debug|Any CPU.ActiveCfg = Debug|Any CPU
		{BFDA179A-40EB-4CEB-B8E9-0DF32C65E2C5}.Debug|Any CPU.Build.0 = Debug|Any CPU
		{BFDA179A-40EB-4CEB-B8E9-0DF32C65E2C5}.Release|Any CPU.ActiveCfg = Release|Any CPU
		{BFDA179A-40EB-4CEB-B8E9-0DF32C65E2C5}.Release|Any CPU.Build.0 = Release|Any CPU
		{EC76857B-A3B8-4B7A-A1B0-8D867A4D1733}.Debug|Any CPU.ActiveCfg = Debug|Any CPU
		{EC76857B-A3B8-4B7A-A1B0-8D867A4D1733}.Debug|Any CPU.Build.0 = Debug|Any CPU
		{EC76857B-A3B8-4B7A-A1B0-8D867A4D1733}.Release|Any CPU.ActiveCfg = Release|Any CPU
		{EC76857B-A3B8-4B7A-A1B0-8D867A4D1733}.Release|Any CPU.Build.0 = Release|Any CPU
		{2478673C-B063-469D-ABD1-0C3E0A25541B}.Debug|Any CPU.ActiveCfg = Debug|Any CPU
		{2478673C-B063-469D-ABD1-0C3E0A25541B}.Debug|Any CPU.Build.0 = Debug|Any CPU
		{2478673C-B063-469D-ABD1-0C3E0A25541B}.Release|Any CPU.ActiveCfg = Release|Any CPU
		{2478673C-B063-469D-ABD1-0C3E0A25541B}.Release|Any CPU.Build.0 = Release|Any CPU
		{E4520FB1-4466-4DCA-AD08-4075102C68D3}.Debug|Any CPU.ActiveCfg = Debug|Any CPU
		{E4520FB1-4466-4DCA-AD08-4075102C68D3}.Debug|Any CPU.Build.0 = Debug|Any CPU
		{E4520FB1-4466-4DCA-AD08-4075102C68D3}.Release|Any CPU.ActiveCfg = Release|Any CPU
		{E4520FB1-4466-4DCA-AD08-4075102C68D3}.Release|Any CPU.Build.0 = Release|Any CPU
		{101515E6-74C1-40F9-85C8-871F742A378D}.Debug|Any CPU.ActiveCfg = Debug|Any CPU
		{101515E6-74C1-40F9-85C8-871F742A378D}.Debug|Any CPU.Build.0 = Debug|Any CPU
		{101515E6-74C1-40F9-85C8-871F742A378D}.Release|Any CPU.ActiveCfg = Release|Any CPU
		{101515E6-74C1-40F9-85C8-871F742A378D}.Release|Any CPU.Build.0 = Release|Any CPU
		{7F0AE083-9DB8-4BD4-91F7-C199DCC7301D}.Debug|Any CPU.ActiveCfg = Debug|Any CPU
		{7F0AE083-9DB8-4BD4-91F7-C199DCC7301D}.Debug|Any CPU.Build.0 = Debug|Any CPU
		{7F0AE083-9DB8-4BD4-91F7-C199DCC7301D}.Release|Any CPU.ActiveCfg = Release|Any CPU
		{7F0AE083-9DB8-4BD4-91F7-C199DCC7301D}.Release|Any CPU.Build.0 = Release|Any CPU
		{5DB1F35F-B714-4B62-84BE-16A33084D3E1}.Debug|Any CPU.ActiveCfg = Debug|Any CPU
		{5DB1F35F-B714-4B62-84BE-16A33084D3E1}.Debug|Any CPU.Build.0 = Debug|Any CPU
		{5DB1F35F-B714-4B62-84BE-16A33084D3E1}.Release|Any CPU.ActiveCfg = Release|Any CPU
		{5DB1F35F-B714-4B62-84BE-16A33084D3E1}.Release|Any CPU.Build.0 = Release|Any CPU
		{82A7E7B8-3187-4CAE-845B-0BF43409B38A}.Debug|Any CPU.ActiveCfg = Debug|Any CPU
		{82A7E7B8-3187-4CAE-845B-0BF43409B38A}.Debug|Any CPU.Build.0 = Debug|Any CPU
		{82A7E7B8-3187-4CAE-845B-0BF43409B38A}.Release|Any CPU.ActiveCfg = Release|Any CPU
		{82A7E7B8-3187-4CAE-845B-0BF43409B38A}.Release|Any CPU.Build.0 = Release|Any CPU
		{25DBED78-99F4-433F-BBF5-1B4E9DEAE437}.Debug|Any CPU.ActiveCfg = Debug|Any CPU
		{25DBED78-99F4-433F-BBF5-1B4E9DEAE437}.Debug|Any CPU.Build.0 = Debug|Any CPU
		{25DBED78-99F4-433F-BBF5-1B4E9DEAE437}.Release|Any CPU.ActiveCfg = Release|Any CPU
		{25DBED78-99F4-433F-BBF5-1B4E9DEAE437}.Release|Any CPU.Build.0 = Release|Any CPU
		{E42DA1CE-698F-4E45-8D1F-5D5895893840}.Debug|Any CPU.ActiveCfg = Debug|Any CPU
		{E42DA1CE-698F-4E45-8D1F-5D5895893840}.Debug|Any CPU.Build.0 = Debug|Any CPU
		{E42DA1CE-698F-4E45-8D1F-5D5895893840}.Release|Any CPU.ActiveCfg = Release|Any CPU
		{E42DA1CE-698F-4E45-8D1F-5D5895893840}.Release|Any CPU.Build.0 = Release|Any CPU
		{4AC1088B-9965-4497-AC8E-570F1AD5631F}.Debug|Any CPU.ActiveCfg = Debug|Any CPU
		{4AC1088B-9965-4497-AC8E-570F1AD5631F}.Debug|Any CPU.Build.0 = Debug|Any CPU
		{4AC1088B-9965-4497-AC8E-570F1AD5631F}.Release|Any CPU.ActiveCfg = Release|Any CPU
		{4AC1088B-9965-4497-AC8E-570F1AD5631F}.Release|Any CPU.Build.0 = Release|Any CPU
		{DA1D7ADE-452C-4369-83CC-56289176EACD}.Debug|Any CPU.ActiveCfg = Debug|Any CPU
		{DA1D7ADE-452C-4369-83CC-56289176EACD}.Debug|Any CPU.Build.0 = Debug|Any CPU
		{DA1D7ADE-452C-4369-83CC-56289176EACD}.Release|Any CPU.ActiveCfg = Release|Any CPU
		{DA1D7ADE-452C-4369-83CC-56289176EACD}.Release|Any CPU.Build.0 = Release|Any CPU
		{3E55CBE8-AFE8-426D-9470-49D63CD1051C}.Debug|Any CPU.ActiveCfg = Debug|Any CPU
		{3E55CBE8-AFE8-426D-9470-49D63CD1051C}.Debug|Any CPU.Build.0 = Debug|Any CPU
		{3E55CBE8-AFE8-426D-9470-49D63CD1051C}.Release|Any CPU.ActiveCfg = Release|Any CPU
		{3E55CBE8-AFE8-426D-9470-49D63CD1051C}.Release|Any CPU.Build.0 = Release|Any CPU
		{56D0DCA5-567F-4B3B-8B79-CB108F8EB8A6}.Debug|Any CPU.ActiveCfg = Debug|Any CPU
		{56D0DCA5-567F-4B3B-8B79-CB108F8EB8A6}.Debug|Any CPU.Build.0 = Debug|Any CPU
		{56D0DCA5-567F-4B3B-8B79-CB108F8EB8A6}.Release|Any CPU.ActiveCfg = Release|Any CPU
		{56D0DCA5-567F-4B3B-8B79-CB108F8EB8A6}.Release|Any CPU.Build.0 = Release|Any CPU
		{D53726B6-5447-47E6-B881-A44EFF6E5534}.Debug|Any CPU.ActiveCfg = Debug|Any CPU
		{D53726B6-5447-47E6-B881-A44EFF6E5534}.Debug|Any CPU.Build.0 = Debug|Any CPU
		{D53726B6-5447-47E6-B881-A44EFF6E5534}.Release|Any CPU.ActiveCfg = Release|Any CPU
		{D53726B6-5447-47E6-B881-A44EFF6E5534}.Release|Any CPU.Build.0 = Release|Any CPU
		{31EE94A0-E721-4073-B6F1-DD912D004DEF}.Debug|Any CPU.ActiveCfg = Debug|Any CPU
		{31EE94A0-E721-4073-B6F1-DD912D004DEF}.Debug|Any CPU.Build.0 = Debug|Any CPU
		{31EE94A0-E721-4073-B6F1-DD912D004DEF}.Release|Any CPU.ActiveCfg = Release|Any CPU
		{31EE94A0-E721-4073-B6F1-DD912D004DEF}.Release|Any CPU.Build.0 = Release|Any CPU
		{9E8E6AA5-65D1-498F-BEAB-BA34723A0050}.Debug|Any CPU.ActiveCfg = Debug|Any CPU
		{9E8E6AA5-65D1-498F-BEAB-BA34723A0050}.Debug|Any CPU.Build.0 = Debug|Any CPU
		{9E8E6AA5-65D1-498F-BEAB-BA34723A0050}.Release|Any CPU.ActiveCfg = Release|Any CPU
		{9E8E6AA5-65D1-498F-BEAB-BA34723A0050}.Release|Any CPU.Build.0 = Release|Any CPU
		{27CDB869-A150-4593-958F-6F26E5391E7C}.Debug|Any CPU.ActiveCfg = Debug|Any CPU
		{27CDB869-A150-4593-958F-6F26E5391E7C}.Debug|Any CPU.Build.0 = Debug|Any CPU
		{27CDB869-A150-4593-958F-6F26E5391E7C}.Release|Any CPU.ActiveCfg = Release|Any CPU
		{27CDB869-A150-4593-958F-6F26E5391E7C}.Release|Any CPU.Build.0 = Release|Any CPU
		{64A87DE5-29B0-4A54-9E74-560484D8C7C0}.Debug|Any CPU.ActiveCfg = Debug|Any CPU
		{64A87DE5-29B0-4A54-9E74-560484D8C7C0}.Debug|Any CPU.Build.0 = Debug|Any CPU
		{64A87DE5-29B0-4A54-9E74-560484D8C7C0}.Release|Any CPU.ActiveCfg = Release|Any CPU
		{64A87DE5-29B0-4A54-9E74-560484D8C7C0}.Release|Any CPU.Build.0 = Release|Any CPU
		{EBA72C3B-57D5-43FF-A5B4-3D55B3B6D4C2}.Debug|Any CPU.ActiveCfg = Debug|Any CPU
		{EBA72C3B-57D5-43FF-A5B4-3D55B3B6D4C2}.Debug|Any CPU.Build.0 = Debug|Any CPU
		{EBA72C3B-57D5-43FF-A5B4-3D55B3B6D4C2}.Release|Any CPU.ActiveCfg = Release|Any CPU
		{EBA72C3B-57D5-43FF-A5B4-3D55B3B6D4C2}.Release|Any CPU.Build.0 = Release|Any CPU
	EndGlobalSection
	GlobalSection(NestedProjects) = preSolution
		{DCECB1F6-D9AA-431F-AE42-25D56B9E7DFC} = {673F23AE-7694-4BB9-ABD4-136D6C13634E}
		{2EAFA567-9F68-4C52-9DBC-8F3EC11BB2CE} = {673F23AE-7694-4BB9-ABD4-136D6C13634E}
		{4B204EB3-C478-422E-9B6F-62DF3871291A} = {673F23AE-7694-4BB9-ABD4-136D6C13634E}
		{1266E1E6-5CEF-4161-8B45-83282455746E} = {673F23AE-7694-4BB9-ABD4-136D6C13634E}
		{2613F146-6C66-4059-9D37-D48BA6B61515} = {673F23AE-7694-4BB9-ABD4-136D6C13634E}
		{121FB123-40D9-44D4-9AB7-AD57ED34F466} = {673F23AE-7694-4BB9-ABD4-136D6C13634E}
		{9FDCFAEA-AE42-4C69-89EF-F1FF75E88CCC} = {673F23AE-7694-4BB9-ABD4-136D6C13634E}
		{596EAFC1-0496-495C-B382-D57415FA456A} = {673F23AE-7694-4BB9-ABD4-136D6C13634E}
		{8AB91636-9055-4900-A72A-7CFFACDFDBF0} = {673F23AE-7694-4BB9-ABD4-136D6C13634E}
		{F6394475-D6F1-46E2-81BF-4BA78A40B878} = {673F23AE-7694-4BB9-ABD4-136D6C13634E}
		{BFDA179A-40EB-4CEB-B8E9-0DF32C65E2C5} = {673F23AE-7694-4BB9-ABD4-136D6C13634E}
		{EC76857B-A3B8-4B7A-A1B0-8D867A4D1733} = {673F23AE-7694-4BB9-ABD4-136D6C13634E}
		{2478673C-B063-469D-ABD1-0C3E0A25541B} = {7164F1FB-7F24-444A-ACD2-2C329C2B3CCF}
		{E4520FB1-4466-4DCA-AD08-4075102C68D3} = {7164F1FB-7F24-444A-ACD2-2C329C2B3CCF}
		{101515E6-74C1-40F9-85C8-871F742A378D} = {7164F1FB-7F24-444A-ACD2-2C329C2B3CCF}
		{7F0AE083-9DB8-4BD4-91F7-C199DCC7301D} = {7164F1FB-7F24-444A-ACD2-2C329C2B3CCF}
		{5DB1F35F-B714-4B62-84BE-16A33084D3E1} = {7164F1FB-7F24-444A-ACD2-2C329C2B3CCF}
		{82A7E7B8-3187-4CAE-845B-0BF43409B38A} = {7164F1FB-7F24-444A-ACD2-2C329C2B3CCF}
		{25DBED78-99F4-433F-BBF5-1B4E9DEAE437} = {7164F1FB-7F24-444A-ACD2-2C329C2B3CCF}
		{E42DA1CE-698F-4E45-8D1F-5D5895893840} = {7164F1FB-7F24-444A-ACD2-2C329C2B3CCF}
		{4AC1088B-9965-4497-AC8E-570F1AD5631F} = {7164F1FB-7F24-444A-ACD2-2C329C2B3CCF}
		{DA1D7ADE-452C-4369-83CC-56289176EACD} = {7164F1FB-7F24-444A-ACD2-2C329C2B3CCF}
		{3E55CBE8-AFE8-426D-9470-49D63CD1051C} = {7164F1FB-7F24-444A-ACD2-2C329C2B3CCF}
		{56D0DCA5-567F-4B3B-8B79-CB108F8EB8A6} = {7164F1FB-7F24-444A-ACD2-2C329C2B3CCF}
		{D53726B6-5447-47E6-B881-A44EFF6E5534} = {7164F1FB-7F24-444A-ACD2-2C329C2B3CCF}
		{31EE94A0-E721-4073-B6F1-DD912D004DEF} = {7164F1FB-7F24-444A-ACD2-2C329C2B3CCF}
		{9E8E6AA5-65D1-498F-BEAB-BA34723A0050} = {7164F1FB-7F24-444A-ACD2-2C329C2B3CCF}
		{27CDB869-A150-4593-958F-6F26E5391E7C} = {7164F1FB-7F24-444A-ACD2-2C329C2B3CCF}
		{64A87DE5-29B0-4A54-9E74-560484D8C7C0} = {673F23AE-7694-4BB9-ABD4-136D6C13634E}
		{EBA72C3B-57D5-43FF-A5B4-3D55B3B6D4C2} = {7164F1FB-7F24-444A-ACD2-2C329C2B3CCF}
	EndGlobalSection
EndGlobal
