Microsoft Visual Studio Solution File, Format Version 12.00
# Visual Studio 15
Project("{2150E333-8FDC-42A3-9474-1A3956D46DE8}") = "Solution Items", "Solution Items", "{AF017206-CE20-4DDF-8301-CAC68CED1BE6}"
ProjectSection(SolutionItems) = preProject
	CODE_OF_CONDUCT.md = CODE_OF_CONDUCT.md
	CONTRIBUTING.md = CONTRIBUTING.md
	README.md = README.md
EndProjectSection
EndProject
Project("{2150E333-8FDC-42A3-9474-1A3956D46DE8}") = "src", "src", "{673F23AE-7694-4BB9-ABD4-136D6C13634E}"
EndProject
Project("{2150E333-8FDC-42A3-9474-1A3956D46DE8}") = "tests", "tests", "{7164F1FB-7F24-444A-ACD2-2C329C2B3CCF}"
EndProject
Project("{FAE04EC0-301F-11D3-BF4B-00C04F79EFBC}") = "Testcontainers", "src\Testcontainers\Testcontainers.csproj", "{EC76857B-A3B8-4B7A-A1B0-8D867A4D1733}"
EndProject
Project("{FAE04EC0-301F-11D3-BF4B-00C04F79EFBC}") = "Testcontainers.Tests", "tests\Testcontainers.Tests\Testcontainers.Tests.csproj", "{3AA620E4-7EDE-4C2F-AA33-52E286AC518E}"
EndProject
Project("{FAE04EC0-301F-11D3-BF4B-00C04F79EFBC}") = "Testcontainers.ResourceReaper.Tests", "tests\Testcontainers.ResourceReaper.Tests\Testcontainers.ResourceReaper.Tests.csproj", "{9A944653-5D94-4A98-9265-A5F621A14D06}"
EndProject
Global
	GlobalSection(SolutionConfigurationPlatforms) = preSolution
		Debug|Any CPU = Debug|Any CPU
		Release|Any CPU = Release|Any CPU
	EndGlobalSection
	GlobalSection(ProjectConfigurationPlatforms) = postSolution
		{EC76857B-A3B8-4B7A-A1B0-8D867A4D1733}.Debug|Any CPU.ActiveCfg = Debug|Any CPU
		{EC76857B-A3B8-4B7A-A1B0-8D867A4D1733}.Debug|Any CPU.Build.0 = Debug|Any CPU
		{EC76857B-A3B8-4B7A-A1B0-8D867A4D1733}.Release|Any CPU.ActiveCfg = Release|Any CPU
		{EC76857B-A3B8-4B7A-A1B0-8D867A4D1733}.Release|Any CPU.Build.0 = Release|Any CPU
		{3AA620E4-7EDE-4C2F-AA33-52E286AC518E}.Debug|Any CPU.ActiveCfg = Debug|Any CPU
		{3AA620E4-7EDE-4C2F-AA33-52E286AC518E}.Debug|Any CPU.Build.0 = Debug|Any CPU
		{3AA620E4-7EDE-4C2F-AA33-52E286AC518E}.Release|Any CPU.ActiveCfg = Release|Any CPU
		{3AA620E4-7EDE-4C2F-AA33-52E286AC518E}.Release|Any CPU.Build.0 = Release|Any CPU
		{9A944653-5D94-4A98-9265-A5F621A14D06}.Debug|Any CPU.ActiveCfg = Debug|Any CPU
		{9A944653-5D94-4A98-9265-A5F621A14D06}.Debug|Any CPU.Build.0 = Debug|Any CPU
		{9A944653-5D94-4A98-9265-A5F621A14D06}.Release|Any CPU.ActiveCfg = Release|Any CPU
		{9A944653-5D94-4A98-9265-A5F621A14D06}.Release|Any CPU.Build.0 = Release|Any CPU
	EndGlobalSection
	GlobalSection(NestedProjects) = preSolution
		{EC76857B-A3B8-4B7A-A1B0-8D867A4D1733} = {673F23AE-7694-4BB9-ABD4-136D6C13634E}
		{3AA620E4-7EDE-4C2F-AA33-52E286AC518E} = {7164F1FB-7F24-444A-ACD2-2C329C2B3CCF}
		{9A944653-5D94-4A98-9265-A5F621A14D06} = {7164F1FB-7F24-444A-ACD2-2C329C2B3CCF}
	EndGlobalSection
EndGlobal
