{
  "version": 2,
  "dependencies": {
    "net10.0": {
      "JetBrains.Annotations": {
        "type": "Direct",
        "requested": "[2023.3.0, )",
        "resolved": "2023.3.0",
        "contentHash": "PHfnvdBUdGaTVG9bR/GEfxgTwWM0Z97Y6X3710wiljELBISipSfF5okn/vz+C2gfO+ihoEyVPjaJwn8ZalVukA=="
      },
      "weatherforecast.entities": {
        "type": "Project"
      },
      "weatherforecast.repositories": {
        "type": "Project",
        "dependencies": {
          "WeatherForecast.Entities": "[0.1.0, )"
        }
      }
    }
  }
}
