Microsoft Visual Studio Solution File, Format Version 12.00
# Visual Studio Version 17
VisualStudioVersion = 17.0.31903.59
MinimumVisualStudioVersion = 10.0.40219.1
Project("{2150E333-8FDC-42A3-9474-1A3956D46DE8}") = "Solution Items", "Solution Items", "{AF017206-CE20-4DDF-8301-CAC68CED1BE6}"
	ProjectSection(SolutionItems) = preProject
		.dockerignore = .dockerignore
		Dockerfile = Dockerfile
	EndProjectSection
EndProject
Project("{2150E333-8FDC-42A3-9474-1A3956D46DE8}") = "src", "src", "{24FE2FC4-620F-4850-B115-9D1B4265839C}"
EndProject
Project("{2150E333-8FDC-42A3-9474-1A3956D46DE8}") = "tests", "tests", "{CC7C97EE-5A60-4DAB-B07A-EFD3A73E6E3A}"
EndProject
Project("{FAE04EC0-301F-11D3-BF4B-00C04F79EFBC}") = "WeatherForecast.Contexts", "src\WeatherForecast.Contexts\WeatherForecast.Contexts.csproj", "{86938290-5D7D-43B5-8146-4614FB5820F4}"
EndProject
Project("{FAE04EC0-301F-11D3-BF4B-00C04F79EFBC}") = "WeatherForecast.Entities", "src\WeatherForecast.Entities\WeatherForecast.Entities.csproj", "{53CAFB42-4AEB-43F9-B6A1-DAA8EE46F174}"
EndProject
Project("{FAE04EC0-301F-11D3-BF4B-00C04F79EFBC}") = "WeatherForecast.Interactors", "src\WeatherForecast.Interactors\WeatherForecast.Interactors.csproj", "{6582ADC8-7DE3-4183-95DF-75D63B784023}"
EndProject
Project("{FAE04EC0-301F-11D3-BF4B-00C04F79EFBC}") = "WeatherForecast.Repositories", "src\WeatherForecast.Repositories\WeatherForecast.Repositories.csproj", "{B56FE398-0CD9-4747-9B58-812EE659A61A}"
EndProject
Project("{FAE04EC0-301F-11D3-BF4B-00C04F79EFBC}") = "WeatherForecast", "src\WeatherForecast\WeatherForecast.csproj", "{40712E50-0FC0-47AA-A9BE-98AA2FB73E59}"
EndProject
Project("{FAE04EC0-301F-11D3-BF4B-00C04F79EFBC}") = "WeatherForecast.InProcess.Tests", "tests\WeatherForecast.InProcess.Tests\WeatherForecast.InProcess.Tests.csproj", "{2D4474DB-9E16-4931-ADD0-569306C1C5AE}"
EndProject
Project("{FAE04EC0-301F-11D3-BF4B-00C04F79EFBC}") = "WeatherForecast.Tests", "tests\WeatherForecast.Tests\WeatherForecast.Tests.csproj", "{B8C371A9-6B6C-4595-9B5B-88071D6F3A71}"
EndProject
Global
	GlobalSection(SolutionConfigurationPlatforms) = preSolution
		Debug|Any CPU = Debug|Any CPU
		Release|Any CPU = Release|Any CPU
	EndGlobalSection
	GlobalSection(SolutionProperties) = preSolution
		HideSolutionNode = FALSE
	EndGlobalSection
	GlobalSection(ProjectConfigurationPlatforms) = postSolution
		{86938290-5D7D-43B5-8146-4614FB5820F4}.Debug|Any CPU.ActiveCfg = Debug|Any CPU
		{86938290-5D7D-43B5-8146-4614FB5820F4}.Debug|Any CPU.Build.0 = Debug|Any CPU
		{86938290-5D7D-43B5-8146-4614FB5820F4}.Release|Any CPU.ActiveCfg = Release|Any CPU
		{86938290-5D7D-43B5-8146-4614FB5820F4}.Release|Any CPU.Build.0 = Release|Any CPU
		{53CAFB42-4AEB-43F9-B6A1-DAA8EE46F174}.Debug|Any CPU.ActiveCfg = Debug|Any CPU
		{53CAFB42-4AEB-43F9-B6A1-DAA8EE46F174}.Debug|Any CPU.Build.0 = Debug|Any CPU
		{53CAFB42-4AEB-43F9-B6A1-DAA8EE46F174}.Release|Any CPU.ActiveCfg = Release|Any CPU
		{53CAFB42-4AEB-43F9-B6A1-DAA8EE46F174}.Release|Any CPU.Build.0 = Release|Any CPU
		{6582ADC8-7DE3-4183-95DF-75D63B784023}.Debug|Any CPU.ActiveCfg = Debug|Any CPU
		{6582ADC8-7DE3-4183-95DF-75D63B784023}.Debug|Any CPU.Build.0 = Debug|Any CPU
		{6582ADC8-7DE3-4183-95DF-75D63B784023}.Release|Any CPU.ActiveCfg = Release|Any CPU
		{6582ADC8-7DE3-4183-95DF-75D63B784023}.Release|Any CPU.Build.0 = Release|Any CPU
		{B56FE398-0CD9-4747-9B58-812EE659A61A}.Debug|Any CPU.ActiveCfg = Debug|Any CPU
		{B56FE398-0CD9-4747-9B58-812EE659A61A}.Debug|Any CPU.Build.0 = Debug|Any CPU
		{B56FE398-0CD9-4747-9B58-812EE659A61A}.Release|Any CPU.ActiveCfg = Release|Any CPU
		{B56FE398-0CD9-4747-9B58-812EE659A61A}.Release|Any CPU.Build.0 = Release|Any CPU
		{40712E50-0FC0-47AA-A9BE-98AA2FB73E59}.Debug|Any CPU.ActiveCfg = Debug|Any CPU
		{40712E50-0FC0-47AA-A9BE-98AA2FB73E59}.Debug|Any CPU.Build.0 = Debug|Any CPU
		{40712E50-0FC0-47AA-A9BE-98AA2FB73E59}.Release|Any CPU.ActiveCfg = Release|Any CPU
		{40712E50-0FC0-47AA-A9BE-98AA2FB73E59}.Release|Any CPU.Build.0 = Release|Any CPU
		{2D4474DB-9E16-4931-ADD0-569306C1C5AE}.Debug|Any CPU.ActiveCfg = Debug|Any CPU
		{2D4474DB-9E16-4931-ADD0-569306C1C5AE}.Debug|Any CPU.Build.0 = Debug|Any CPU
		{2D4474DB-9E16-4931-ADD0-569306C1C5AE}.Release|Any CPU.ActiveCfg = Release|Any CPU
		{2D4474DB-9E16-4931-ADD0-569306C1C5AE}.Release|Any CPU.Build.0 = Release|Any CPU
		{B8C371A9-6B6C-4595-9B5B-88071D6F3A71}.Debug|Any CPU.ActiveCfg = Debug|Any CPU
		{B8C371A9-6B6C-4595-9B5B-88071D6F3A71}.Debug|Any CPU.Build.0 = Debug|Any CPU
		{B8C371A9-6B6C-4595-9B5B-88071D6F3A71}.Release|Any CPU.ActiveCfg = Release|Any CPU
		{B8C371A9-6B6C-4595-9B5B-88071D6F3A71}.Release|Any CPU.Build.0 = Release|Any CPU
	EndGlobalSection
	GlobalSection(NestedProjects) = preSolution
		{86938290-5D7D-43B5-8146-4614FB5820F4} = {24FE2FC4-620F-4850-B115-9D1B4265839C}
		{53CAFB42-4AEB-43F9-B6A1-DAA8EE46F174} = {24FE2FC4-620F-4850-B115-9D1B4265839C}
		{6582ADC8-7DE3-4183-95DF-75D63B784023} = {24FE2FC4-620F-4850-B115-9D1B4265839C}
		{B56FE398-0CD9-4747-9B58-812EE659A61A} = {24FE2FC4-620F-4850-B115-9D1B4265839C}
		{40712E50-0FC0-47AA-A9BE-98AA2FB73E59} = {24FE2FC4-620F-4850-B115-9D1B4265839C}
		{2D4474DB-9E16-4931-ADD0-569306C1C5AE} = {CC7C97EE-5A60-4DAB-B07A-EFD3A73E6E3A}
		{B8C371A9-6B6C-4595-9B5B-88071D6F3A71} = {CC7C97EE-5A60-4DAB-B07A-EFD3A73E6E3A}
	EndGlobalSection
EndGlobal
