Microsoft Visual Studio Solution File, Format Version 12.00
# Visual Studio Version 17
VisualStudioVersion = 17.0.31903.59
MinimumVisualStudioVersion = 10.0.40219.1
Project("{2150E333-8FDC-42A3-9474-1A3956D46DE8}") = "tests", "tests", "{424CFC36-D6F7-4DBB-BD1C-0C84FE30E665}"
EndProject
Project("{FAE04EC0-301F-11D3-BF4B-00C04F79EFBC}") = "Flyway.Tests", "tests\Flyway.Tests\Flyway.Tests.csproj", "{1E882BFE-4A5E-4E58-A533-81E1BE9E9BFD}"
EndProject
Global
	GlobalSection(SolutionConfigurationPlatforms) = preSolution
		Debug|Any CPU = Debug|Any CPU
		Release|Any CPU = Release|Any CPU
	EndGlobalSection
	GlobalSection(SolutionProperties) = preSolution
		HideSolutionNode = FALSE
	EndGlobalSection
	GlobalSection(ProjectConfigurationPlatforms) = postSolution
		{1E882BFE-4A5E-4E58-A533-81E1BE9E9BFD}.Debug|Any CPU.ActiveCfg = Debug|Any CPU
		{1E882BFE-4A5E-4E58-A533-81E1BE9E9BFD}.Debug|Any CPU.Build.0 = Debug|Any CPU
		{1E882BFE-4A5E-4E58-A533-81E1BE9E9BFD}.Release|Any CPU.ActiveCfg = Release|Any CPU
		{1E882BFE-4A5E-4E58-A533-81E1BE9E9BFD}.Release|Any CPU.Build.0 = Release|Any CPU
	EndGlobalSection
	GlobalSection(NestedProjects) = preSolution
		{1E882BFE-4A5E-4E58-A533-81E1BE9E9BFD} = {424CFC36-D6F7-4DBB-BD1C-0C84FE30E665}
	EndGlobalSection
EndGlobal
